<?xml version="1.0" encoding="utf-8"?>
<Project ToolsVersion="4.0" xmlns="http://schemas.microsoft.com/developer/msbuild/2003">
  <ItemGroup>
    <Filter Include="Source Files">
      <UniqueIdentifier>{4FC737F1-C7A5-4376-A066-2A32D752A2FF}</UniqueIdentifier>
      <Extensions>cpp;c;cc;cxx;def;odl;idl;hpj;bat;asm;asmx</Extensions>
    </Filter>
    <Filter Include="Header Files">
      <UniqueIdentifier>{93995380-89BD-4b04-88EB-625FBE52EBFB}</UniqueIdentifier>
      <Extensions>h;hpp;hxx;hm;inl;inc;xsd</Extensions>
    </Filter>
    <Filter Include="Resource Files">
      <UniqueIdentifier>{67DA6AB6-F800-4c08-8B7A-83BB121AAD01}</UniqueIdentifier>
      <Extensions>rc;ico;cur;bmp;dlg;rc2;rct;bin;rgs;gif;jpg;jpeg;jpe;resx;tiff;tif;png;wav;mfcribbon-ms</Extensions>
    </Filter>
    <Filter Include="Source Files\MP">
      <UniqueIdentifier>{19caf8eb-e53d-46c0-bd01-4167554801dc}</UniqueIdentifier>
    </Filter>
    <Filter Include="Header Files\MP">
      <UniqueIdentifier>{80b0afc6-daf8-42c7-ad9e-8a888f1c70ef}</UniqueIdentifier>
    </Filter>
  </ItemGroup>
  <ItemGroup>
    <None Include="ReadMe.txt" />
  </ItemGroup>
  <ItemGroup>
    <ClInclude Include="stdafx.h">
      <Filter>Header Files</Filter>
    </ClInclude>
    <ClInclude Include="targetver.h">
      <Filter>Header Files</Filter>
    </ClInclude>
    <ClInclude Include="dsp402.h">
      <Filter>Header Files</Filter>
    </ClInclude>
    <ClInclude Include="input.h">
      <Filter>Header Files</Filter>
    </ClInclude>
    <ClInclude Include="canbase_esd.h">
      <Filter>Header Files</Filter>
    </ClInclude>
    <ClInclude Include="helper.h">
      <Filter>Header Files</Filter>
    </ClInclude>
    <ClInclude Include="nmt.h">
      <Filter>Header Files</Filter>
    </ClInclude>
    <ClInclude Include="sync.h">
      <Filter>Header Files</Filter>
    </ClInclude>
    <ClInclude Include="sdo.h">
      <Filter>Header Files</Filter>
    </ClInclude>
    <ClInclude Include="schunkpdo.h">
      <Filter>Header Files</Filter>
    </ClInclude>
    <ClInclude Include="pdo.h">
      <Filter>Header Files</Filter>
    </ClInclude>
    <ClInclude Include="MPMatrix.h">
      <Filter>Header Files\MP</Filter>
    </ClInclude>
    <ClInclude Include="MPVector.h">
      <Filter>Header Files\MP</Filter>
    </ClInclude>
    <ClInclude Include="mslio.h">
      <Filter>Header Files\MP</Filter>
    </ClInclude>
    <ClInclude Include="head.h">
      <Filter>Header Files</Filter>
    </ClInclude>
  </ItemGroup>
  <ItemGroup>
    <ClCompile Include="stdafx.cpp">
      <Filter>Source Files</Filter>
    </ClCompile>
    <ClCompile Include="CANtestGetStateByDH.cpp">
      <Filter>Source Files</Filter>
    </ClCompile>
    <ClCompile Include="input.cpp">
      <Filter>Source Files</Filter>
    </ClCompile>
    <ClCompile Include="canbase_esd.cpp">
      <Filter>Source Files</Filter>
    </ClCompile>
    <ClCompile Include="dsp402.cpp">
      <Filter>Source Files</Filter>
    </ClCompile>
    <ClCompile Include="pdo.cpp">
      <Filter>Source Files</Filter>
    </ClCompile>
    <ClCompile Include="sdo.cpp">
      <Filter>Source Files</Filter>
    </ClCompile>
    <ClCompile Include="get_error_info.cpp">
      <Filter>Source Files</Filter>
    </ClCompile>
    <ClCompile Include="MPMatrix.cpp">
      <Filter>Source Files\MP</Filter>
    </ClCompile>
    <ClCompile Include="MPVector.cpp">
      <Filter>Source Files\MP</Filter>
    </ClCompile>
    <ClCompile Include="body.cpp">
      <Filter>Source Files</Filter>
    </ClCompile>
    <ClCompile Include="trajectory.cpp">
      <Filter>Source Files</Filter>
    </ClCompile>
  </ItemGroup>
</Project>